
Microsoft Visual Studio Solution File, Format Version 12.00
# Visual Studio 2012
Project("{FAE04EC0-301F-11D3-BF4B-00C04F79EFBC}") = "MongoDB", "MongoDB\MongoDB.csproj", "{B125BBA6-BFFD-44FA-9254-9B1754CD8AF3}"
EndProject
Project("{FAE04EC0-301F-11D3-BF4B-00C04F79EFBC}") = "MongoDB.GridFS", "MongoDB.GridFS\MongoDB.GridFS.csproj", "{B42DBBF9-0A1F-4749-9787-013BF8D8F435}"
EndProject
Project("{FAE04EC0-301F-11D3-BF4B-00C04F79EFBC}") = "MongoDB.GridFS.Tests", "MongoDB.GridFS.Tests\MongoDB.GridFS.Tests.csproj", "{0C293FE9-F670-4FEF-A60F-20F8C978B1CD}"
EndProject
Project("{FAE04EC0-301F-11D3-BF4B-00C04F79EFBC}") = "MongoDB.Tests", "MongoDB.Tests\MongoDB.Tests.csproj", "{C8BC95AB-25C6-4133-BC9F-8B6BB782CA02}"
EndProject
Global
	GlobalSection(SolutionConfigurationPlatforms) = preSolution
		Debug|Any CPU = Debug|Any CPU
		Release|Any CPU = Release|Any CPU
	EndGlobalSection
	GlobalSection(ProjectConfigurationPlatforms) = postSolution
		{B125BBA6-BFFD-44FA-9254-9B1754CD8AF3}.Debug|Any CPU.ActiveCfg = Debug|Any CPU
		{B125BBA6-BFFD-44FA-9254-9B1754CD8AF3}.Debug|Any CPU.Build.0 = Debug|Any CPU
		{B125BBA6-BFFD-44FA-9254-9B1754CD8AF3}.Release|Any CPU.ActiveCfg = Release|Any CPU
		{B125BBA6-BFFD-44FA-9254-9B1754CD8AF3}.Release|Any CPU.Build.0 = Release|Any CPU
		{B42DBBF9-0A1F-4749-9787-013BF8D8F435}.Debug|Any CPU.ActiveCfg = Debug|Any CPU
		{B42DBBF9-0A1F-4749-9787-013BF8D8F435}.Debug|Any CPU.Build.0 = Debug|Any CPU
		{B42DBBF9-0A1F-4749-9787-013BF8D8F435}.Release|Any CPU.ActiveCfg = Release|Any CPU
		{B42DBBF9-0A1F-4749-9787-013BF8D8F435}.Release|Any CPU.Build.0 = Release|Any CPU
		{0C293FE9-F670-4FEF-A60F-20F8C978B1CD}.Debug|Any CPU.ActiveCfg = Debug|Any CPU
		{0C293FE9-F670-4FEF-A60F-20F8C978B1CD}.Debug|Any CPU.Build.0 = Debug|Any CPU
		{0C293FE9-F670-4FEF-A60F-20F8C978B1CD}.Release|Any CPU.ActiveCfg = Release|Any CPU
		{0C293FE9-F670-4FEF-A60F-20F8C978B1CD}.Release|Any CPU.Build.0 = Release|Any CPU
		{C8BC95AB-25C6-4133-BC9F-8B6BB782CA02}.Debug|Any CPU.ActiveCfg = Debug|Any CPU
		{C8BC95AB-25C6-4133-BC9F-8B6BB782CA02}.Debug|Any CPU.Build.0 = Debug|Any CPU
		{C8BC95AB-25C6-4133-BC9F-8B6BB782CA02}.Release|Any CPU.ActiveCfg = Release|Any CPU
		{C8BC95AB-25C6-4133-BC9F-8B6BB782CA02}.Release|Any CPU.Build.0 = Release|Any CPU
	EndGlobalSection
	GlobalSection(SolutionProperties) = preSolution
		HideSolutionNode = FALSE
	EndGlobalSection
EndGlobal
